{
  "version": 4,
  "terraform_version": "1.8.4",
  "serial": 6,
  "lineage": "d26dec5d-dd68-222b-cf26-e3a4f6a69ff1",
  "outputs": {
    "arn": {
      "value": "arn:aws:iam::835367859851:role/terraform-20240607091057657900000001",
      "type": "string"
    }
  },
  "resources": [
    {
      "module": "module.iam_github_oidc_provider",
      "mode": "data",
      "type": "aws_partition",
      "name": "current",
      "provider": "provider[\"registry.terraform.io/hashicorp/aws\"]",
      "instances": [
        {
          "schema_version": 0,
          "attributes": {
            "dns_suffix": "amazonaws.com",
            "id": "aws",
            "partition": "aws",
            "reverse_dns_prefix": "com.amazonaws"
          },
          "sensitive_attributes": []
        }
      ]
    },
    {
      "module": "module.iam_github_oidc_provider",
      "mode": "data",
      "type": "tls_certificate",
      "name": "this",
      "provider": "provider[\"registry.terraform.io/hashicorp/tls\"]",
      "instances": [
        {
          "index_key": 0,
          "schema_version": 0,
          "attributes": {
            "certificates": [
              {
                "cert_pem": "-----BEGIN CERTIFICATE-----\nMIIEyDCCA7CgAwIBAgIQDPW9BitWAvR6uFAsI8zwZjANBgkqhkiG9w0BAQsFADBh\nMQswCQYDVQQGEwJVUzEVMBMGA1UEChMMRGlnaUNlcnQgSW5jMRkwFwYDVQQLExB3\nd3cuZGlnaWNlcnQuY29tMSAwHgYDVQQDExdEaWdpQ2VydCBHbG9iYWwgUm9vdCBH\nMjAeFw0yMTAzMzAwMDAwMDBaFw0zMTAzMjkyMzU5NTlaMFkxCzAJBgNVBAYTAlVT\nMRUwEwYDVQQKEwxEaWdpQ2VydCBJbmMxMzAxBgNVBAMTKkRpZ2lDZXJ0IEdsb2Jh\nbCBHMiBUTFMgUlNBIFNIQTI1NiAyMDIwIENBMTCCASIwDQYJKoZIhvcNAQEBBQAD\nggEPADCCAQoCggEBAMz3EGJPprtjb+2QUlbFbSd7ehJWivH0+dbn4Y+9lavyYEEV\ncNsSAPonCrVXOFt9slGTcZUOakGUWzUb+nv6u8W+JDD+Vu/E832X4xT1FE3LpxDy\nFuqrIvAxIhFhaZAmunjZlx/jfWardUSVc8is/+9dCopZQ+GssjoP80j812s3wWPc\n3kbW20X+fSP9kOhRBx5Ro1/tSUZUfyyIxfQTnJcVPAPooTncaQwywa8WV0yUR0J8\nosicfebUTVSvQpmowQTCd5zWSOTOEeAqgJnwQ3DPP3Zr0UxJqyRewg2C/Uaoq2yT\nzGJSQnWS+Jr6Xl6ysGHlHx+5fwmY6D36g39HaaECAwEAAaOCAYIwggF+MBIGA1Ud\nEwEB/wQIMAYBAf8CAQAwHQYDVR0OBBYEFHSFgMBmx9833s+9KTeqAx2+7c0XMB8G\nA1UdIwQYMBaAFE4iVCAYlebjbuYP+vq5Eu0GF485MA4GA1UdDwEB/wQEAwIBhjAd\nBgNVHSUEFjAUBggrBgEFBQcDAQYIKwYBBQUHAwIwdgYIKwYBBQUHAQEEajBoMCQG\nCCsGAQUFBzABhhhodHRwOi8vb2NzcC5kaWdpY2VydC5jb20wQAYIKwYBBQUHMAKG\nNGh0dHA6Ly9jYWNlcnRzLmRpZ2ljZXJ0LmNvbS9EaWdpQ2VydEdsb2JhbFJvb3RH\nMi5jcnQwQgYDVR0fBDswOTA3oDWgM4YxaHR0cDovL2NybDMuZGlnaWNlcnQuY29t\nL0RpZ2lDZXJ0R2xvYmFsUm9vdEcyLmNybDA9BgNVHSAENjA0MAsGCWCGSAGG/WwC\nATAHBgVngQwBATAIBgZngQwBAgEwCAYGZ4EMAQICMAgGBmeBDAECAzANBgkqhkiG\n9w0BAQsFAAOCAQEAkPFwyyiXaZd8dP3A+iZ7U6utzWX9upwGnIrXWkOH7U1MVl+t\nwcW1BSAuWdH/SvWgKtiwla3JLko716f2b4gp/DA/JIS7w7d7kwcsr4drdjPtAFVS\nslme5LnQ89/nD/7d+MS5EHKBCQRfz5eeLjJ1js+aWNJXMX43AYGyZm0pGrFmCW3R\nbpD0ufovARTFXFZkAdl9h6g4U5+LXUZtXMYnhIHUfoyMo5tS58aI7Dd8KvvwVVo4\nchDYABPPTHPbqjc1qCmBaZx2vN4Ye5DUys/vZwP9BFohFrH/6j/f3IL16/RZkiMN\nJCqVJUzKoZHm1Lesh3Sz8W2jmdv51b2EQJ8HmA==\n-----END CERTIFICATE-----\n",
                "is_ca": true,
                "issuer": "CN=DigiCert Global Root G2,OU=www.digicert.com,O=DigiCert Inc,C=US",
                "not_after": "2031-03-29T23:59:59Z",
                "not_before": "2021-03-30T00:00:00Z",
                "public_key_algorithm": "RSA",
                "serial_number": "17226682543955925492517929723242541158",
                "sha1_fingerprint": "1b511abead59c6ce207077c0bf0e0043b1382612",
                "signature_algorithm": "SHA256-RSA",
                "subject": "CN=DigiCert Global G2 TLS RSA SHA256 2020 CA1,O=DigiCert Inc,C=US",
                "version": 3
              },
              {
                "cert_pem": "-----BEGIN CERTIFICATE-----\nMIIIFTCCBv2gAwIBAgIQDxkWd9NEGyNLw9bIZv2g1TANBgkqhkiG9w0BAQsFADBZ\nMQswCQYDVQQGEwJVUzEVMBMGA1UEChMMRGlnaUNlcnQgSW5jMTMwMQYDVQQDEypE\naWdpQ2VydCBHbG9iYWwgRzIgVExTIFJTQSBTSEEyNTYgMjAyMCBDQTEwHhcNMjMw\nODA4MDAwMDAwWhcNMjQwODA3MjM1OTU5WjB7MQswCQYDVQQGEwJVUzETMBEGA1UE\nCBMKQ2FsaWZvcm5pYTEWMBQGA1UEBxMNU2FuIEZyYW5jaXNjbzEVMBMGA1UEChMM\nR2l0SHViLCBJbmMuMSgwJgYDVQQDDB8qLmFjdGlvbnMuZ2l0aHVidXNlcmNvbnRl\nbnQuY29tMIICIjANBgkqhkiG9w0BAQEFAAOCAg8AMIICCgKCAgEA4k8a9OWAmzfL\nZxLhbc70DP0uye9h+hFQ0CXKM5nq5lR0FNgycGr3xZPmKTR9wwR0Y3kmXN/mL23h\nvgnflw9Y1Zf8oE6PPOROTsYRliw6lTtgxyscpH7eWtVDXTSxytTSVI7r44S6ebtp\nXsxTG1MVtnS65OQe6iEgiW8NG+mfb4oSC0yC98tC9hW0qeNs1l00+fYMiwRojBx5\nXrTy0AbLyznx1nF4KGn4FR5qAOPhsUI3+7/jYEuZT5GTKxOizmujTvYLbo4sVgoj\nRdQJYYS1IKyp669UAkvKOxHDrAH+ugKDfTEvwdQIbsUXPvnQwnEJ4q2hj2y+Peg8\nNmQ/YfK0oVq0rNxNe3WFSSAZN3ntenDpy9H2sWEecxg00IbfHRHuW1fosZ38pCoC\ncTBCFVQN6/ECOGC+iJPo3hrhqHCxnLLVB0+s3tgM1WxQ3bNPwp5NHpDvxTnGfvIC\nXgT5buix8wf+Xld5mNiNACKBoqhdzIQga9cvQU85sPU0MBGiurfh/1G0TSLT0dJW\nzadok5vzPKSelNhn9WlDGE9RdkgzNOYLvHGiAkfoukMOXoyybNPnD/9CNMKjbILA\ngL6iMpY9xOAoF5Q133sB//NzI5i9AqW/+dZCjicwOS+4wuPyqVvabuSmZyqbwc6I\nNMS60oDnFSeddrJju4zJXlsx+pnOXBsCAwEAAaOCA7UwggOxMB8GA1UdIwQYMBaA\nFHSFgMBmx9833s+9KTeqAx2+7c0XMB0GA1UdDgQWBBR7WOKzctV85ISMI+MTPlnm\nqUqgfzBJBgNVHREEQjBAgh8qLmFjdGlvbnMuZ2l0aHVidXNlcmNvbnRlbnQuY29t\ngh1hY3Rpb25zLmdpdGh1YnVzZXJjb250ZW50LmNvbTAOBgNVHQ8BAf8EBAMCBaAw\nHQYDVR0lBBYwFAYIKwYBBQUHAwEGCCsGAQUFBwMCMIGfBgNVHR8EgZcwgZQwSKBG\noESGQmh0dHA6Ly9jcmwzLmRpZ2ljZXJ0LmNvbS9EaWdpQ2VydEdsb2JhbEcyVExT\nUlNBU0hBMjU2MjAyMENBMS0xLmNybDBIoEagRIZCaHR0cDovL2NybDQuZGlnaWNl\ncnQuY29tL0RpZ2lDZXJ0R2xvYmFsRzJUTFNSU0FTSEEyNTYyMDIwQ0ExLTEuY3Js\nMD4GA1UdIAQ3MDUwMwYGZ4EMAQICMCkwJwYIKwYBBQUHAgEWG2h0dHA6Ly93d3cu\nZGlnaWNlcnQuY29tL0NQUzCBhwYIKwYBBQUHAQEEezB5MCQGCCsGAQUFBzABhhho\ndHRwOi8vb2NzcC5kaWdpY2VydC5jb20wUQYIKwYBBQUHMAKGRWh0dHA6Ly9jYWNl\ncnRzLmRpZ2ljZXJ0LmNvbS9EaWdpQ2VydEdsb2JhbEcyVExTUlNBU0hBMjU2MjAy\nMENBMS0xLmNydDAJBgNVHRMEAjAAMIIBfAYKKwYBBAHWeQIEAgSCAWwEggFoAWYA\ndQDuzdBk1dsazsVct520zROiModGfLzs3sNRSFlGcR+1mwAAAYnWg4KeAAAEAwBG\nMEQCID49I0TCb/sfFom/gWdAAnAwY0lLg1a3ZheSuUuUZ/awAiBbY+RyBJAsFyIs\nTyjgo7x482okkqoEUdFHNVofmPny9wB1AEiw42vapkc0D+VqAvqdMOscUgHLVt0s\ngdm7v6s52IRzAAABidaDgtcAAAQDAEYwRAIgIjkhLyUFmcZH3M1Eg3br6jjS9XbX\nXteoTjckvYKB9NwCIGjI4b9spIT1JTDzzH4rMfd83028BRS/s0iDYJwlCroXAHYA\nPxdLT9ciR1iUHWUchL4NEu2QN38fhWrrwb8ohez4ZG4AAAGJ1oOCzgAABAMARzBF\nAiEAqjq/OMQ4ObREbWai8DoNZFKxzOArT95JzaPSZoeCf8ECIClHjtZ/Qm4oXBSe\nRfItIOyz7sC6TytYDtVHRdPs7PryMA0GCSqGSIb3DQEBCwUAA4IBAQCGObelVNjx\n/I1+aLKX7N8yB5vz26+y8q0qYmdBti2iAhfdQfLER8QRIwNeZRFy3qoHXk2uyZhB\nLkGv1vXTGWG7DTa0gwZKrvaWPFnx29e0MIpnS2XvnBxa7REYkbz3tbrSmybVKiHU\nPVANgJHDlTyGteHJ6Fpbti0v462jra+hddMEw1JG5K5G4GGgEBoFCaMm2AT3m3FK\njdqGPjFPuK8LZyoYaxGWtddxlzjxGhrkKJFbJmzBGVG48GzKhkRakerp85lTVHh7\nBD+/hhmANDvnnPtCGycYr+tCqz6x2Czl3Jhl8Jq9avYYkINgISgFfTWkTFCyB3QC\nAVK+YgnibWYr\n-----END CERTIFICATE-----\n",
                "is_ca": false,
                "issuer": "CN=DigiCert Global G2 TLS RSA SHA256 2020 CA1,O=DigiCert Inc,C=US",
                "not_after": "2024-08-07T23:59:59Z",
                "not_before": "2023-08-08T00:00:00Z",
                "public_key_algorithm": "RSA",
                "serial_number": "20068683064783400501503996458270826709",
                "sha1_fingerprint": "959cb2b52b4ad201a593847abca32ff48f838c2e",
                "signature_algorithm": "SHA256-RSA",
                "subject": "CN=*.actions.githubusercontent.com,O=GitHub\\, Inc.,L=San Francisco,ST=California,C=US",
                "version": 3
              }
            ],
            "content": null,
            "id": "43add1749d6d9832e0a8fca0784941273380c63a",
            "url": "https://token.actions.githubusercontent.com",
            "verify_chain": true
          },
          "sensitive_attributes": []
        }
      ]
    },
    {
      "module": "module.iam_github_oidc_provider",
      "mode": "managed",
      "type": "aws_iam_openid_connect_provider",
      "name": "this",
      "provider": "provider[\"registry.terraform.io/hashicorp/aws\"]",
      "instances": [
        {
          "index_key": 0,
          "schema_version": 0,
          "attributes": {
            "arn": "arn:aws:iam::835367859851:oidc-provider/token.actions.githubusercontent.com",
            "client_id_list": [
              "sts.amazonaws.com"
            ],
            "id": "arn:aws:iam::835367859851:oidc-provider/token.actions.githubusercontent.com",
            "tags": null,
            "tags_all": {
              "bootstrap": "terramate-reference-architecture"
            },
            "thumbprint_list": [
              "1b511abead59c6ce207077c0bf0e0043b1382612",
              "959cb2b52b4ad201a593847abca32ff48f838c2e",
              "6938fd4d98bab03faadb97b34396831e3780aea1",
              "1c58a3a8518e8759bf075b76b750d4f2df264fcd"
            ],
            "url": "token.actions.githubusercontent.com"
          },
          "sensitive_attributes": [],
          "private": "bnVsbA==",
          "dependencies": [
            "module.iam_github_oidc_provider.data.aws_partition.current",
            "module.iam_github_oidc_provider.data.tls_certificate.this"
          ]
        }
      ]
    },
    {
      "module": "module.iam_github_oidc_role",
      "mode": "data",
      "type": "aws_caller_identity",
      "name": "current",
      "provider": "provider[\"registry.terraform.io/hashicorp/aws\"]",
      "instances": [
        {
          "schema_version": 0,
          "attributes": {
            "account_id": "835367859851",
            "arn": "arn:aws:sts::835367859851:assumed-role/anton-demo/1717745977546159000",
            "id": "835367859851",
            "user_id": "AROAJWMU6X5Y4IZNGOLWU:1717745977546159000"
          },
          "sensitive_attributes": []
        }
      ]
    },
    {
      "module": "module.iam_github_oidc_role",
      "mode": "data",
      "type": "aws_iam_policy_document",
      "name": "this",
      "provider": "provider[\"registry.terraform.io/hashicorp/aws\"]",
      "instances": [
        {
          "index_key": 0,
          "schema_version": 0,
          "attributes": {
            "id": "1767131159",
            "json": "{\n  \"Version\": \"2012-10-17\",\n  \"Statement\": [\n    {\n      \"Sid\": \"GithubOidcAuth\",\n      \"Effect\": \"Allow\",\n      \"Action\": [\n        \"sts:TagSession\",\n        \"sts:AssumeRoleWithWebIdentity\"\n      ],\n      \"Principal\": {\n        \"Federated\": \"arn:aws:iam::835367859851:oidc-provider/token.actions.githubusercontent.com\"\n      },\n      \"Condition\": {\n        \"ForAllValues:StringEquals\": {\n          \"token.actions.githubusercontent.com:aud\": \"sts.amazonaws.com\",\n          \"token.actions.githubusercontent.com:iss\": \"https://token.actions.githubusercontent.com\"\n        },\n        \"StringLike\": {\n          \"token.actions.githubusercontent.com:sub\": \"repo:antonbabenko/terramate-reference-architecture:*\"\n        }\n      }\n    }\n  ]\n}",
            "minified_json": "{\"Version\":\"2012-10-17\",\"Statement\":[{\"Sid\":\"GithubOidcAuth\",\"Effect\":\"Allow\",\"Action\":[\"sts:TagSession\",\"sts:AssumeRoleWithWebIdentity\"],\"Principal\":{\"Federated\":\"arn:aws:iam::835367859851:oidc-provider/token.actions.githubusercontent.com\"},\"Condition\":{\"ForAllValues:StringEquals\":{\"token.actions.githubusercontent.com:aud\":\"sts.amazonaws.com\",\"token.actions.githubusercontent.com:iss\":\"https://token.actions.githubusercontent.com\"},\"StringLike\":{\"token.actions.githubusercontent.com:sub\":\"repo:antonbabenko/terramate-reference-architecture:*\"}}}]}",
            "override_json": null,
            "override_policy_documents": null,
            "policy_id": null,
            "source_json": null,
            "source_policy_documents": null,
            "statement": [
              {
                "actions": [
                  "sts:AssumeRoleWithWebIdentity",
                  "sts:TagSession"
                ],
                "condition": [
                  {
                    "test": "ForAllValues:StringEquals",
                    "values": [
                      "https://token.actions.githubusercontent.com"
                    ],
                    "variable": "token.actions.githubusercontent.com:iss"
                  },
                  {
                    "test": "ForAllValues:StringEquals",
                    "values": [
                      "sts.amazonaws.com"
                    ],
                    "variable": "token.actions.githubusercontent.com:aud"
                  },
                  {
                    "test": "StringLike",
                    "values": [
                      "repo:antonbabenko/terramate-reference-architecture:*"
                    ],
                    "variable": "token.actions.githubusercontent.com:sub"
                  }
                ],
                "effect": "Allow",
                "not_actions": [],
                "not_principals": [],
                "not_resources": [],
                "principals": [
                  {
                    "identifiers": [
                      "arn:aws:iam::835367859851:oidc-provider/token.actions.githubusercontent.com"
                    ],
                    "type": "Federated"
                  }
                ],
                "resources": [],
                "sid": "GithubOidcAuth"
              }
            ],
            "version": "2012-10-17"
          },
          "sensitive_attributes": []
        }
      ]
    },
    {
      "module": "module.iam_github_oidc_role",
      "mode": "data",
      "type": "aws_partition",
      "name": "current",
      "provider": "provider[\"registry.terraform.io/hashicorp/aws\"]",
      "instances": [
        {
          "schema_version": 0,
          "attributes": {
            "dns_suffix": "amazonaws.com",
            "id": "aws",
            "partition": "aws",
            "reverse_dns_prefix": "com.amazonaws"
          },
          "sensitive_attributes": []
        }
      ]
    },
    {
      "module": "module.iam_github_oidc_role",
      "mode": "managed",
      "type": "aws_iam_role",
      "name": "this",
      "provider": "provider[\"registry.terraform.io/hashicorp/aws\"]",
      "instances": [
        {
          "index_key": 0,
          "schema_version": 0,
          "attributes": {
            "arn": "arn:aws:iam::835367859851:role/terraform-20240607091057657900000001",
            "assume_role_policy": "{\"Statement\":[{\"Action\":[\"sts:TagSession\",\"sts:AssumeRoleWithWebIdentity\"],\"Condition\":{\"ForAllValues:StringEquals\":{\"token.actions.githubusercontent.com:aud\":\"sts.amazonaws.com\",\"token.actions.githubusercontent.com:iss\":\"https://token.actions.githubusercontent.com\"},\"StringLike\":{\"token.actions.githubusercontent.com:sub\":\"repo:antonbabenko/terramate-reference-architecture:*\"}},\"Effect\":\"Allow\",\"Principal\":{\"Federated\":\"arn:aws:iam::835367859851:oidc-provider/token.actions.githubusercontent.com\"},\"Sid\":\"GithubOidcAuth\"}],\"Version\":\"2012-10-17\"}",
            "create_date": "2024-06-07T09:10:58Z",
            "description": "",
            "force_detach_policies": true,
            "id": "terraform-20240607091057657900000001",
            "inline_policy": [],
            "managed_policy_arns": [
              "arn:aws:iam::aws:policy/IAMFullAccess",
              "arn:aws:iam::aws:policy/PowerUserAccess"
            ],
            "max_session_duration": 3600,
            "name": "terraform-20240607091057657900000001",
            "name_prefix": "terraform-",
            "path": "/",
            "permissions_boundary": "",
            "tags": {},
            "tags_all": {
              "bootstrap": "terramate-reference-architecture"
            },
            "unique_id": "AROA4E76N62FZTPSKIHCG"
          },
          "sensitive_attributes": [],
          "private": "bnVsbA==",
          "dependencies": [
            "module.iam_github_oidc_role.data.aws_caller_identity.current",
            "module.iam_github_oidc_role.data.aws_iam_policy_document.this",
            "module.iam_github_oidc_role.data.aws_partition.current"
          ]
        }
      ]
    },
    {
      "module": "module.iam_github_oidc_role",
      "mode": "managed",
      "type": "aws_iam_role_policy_attachment",
      "name": "this",
      "provider": "provider[\"registry.terraform.io/hashicorp/aws\"]",
      "instances": [
        {
          "index_key": "IAMFullAccess",
          "schema_version": 0,
          "attributes": {
            "id": "terraform-20240607091057657900000001-20240607091059342700000003",
            "policy_arn": "arn:aws:iam::aws:policy/IAMFullAccess",
            "role": "terraform-20240607091057657900000001"
          },
          "sensitive_attributes": [],
          "private": "bnVsbA==",
          "dependencies": [
            "module.iam_github_oidc_role.aws_iam_role.this",
            "module.iam_github_oidc_role.data.aws_caller_identity.current",
            "module.iam_github_oidc_role.data.aws_iam_policy_document.this",
            "module.iam_github_oidc_role.data.aws_partition.current"
          ]
        },
        {
          "index_key": "PowerUserAccess",
          "schema_version": 0,
          "attributes": {
            "id": "terraform-20240607091057657900000001-20240607091059091500000002",
            "policy_arn": "arn:aws:iam::aws:policy/PowerUserAccess",
            "role": "terraform-20240607091057657900000001"
          },
          "sensitive_attributes": [],
          "private": "bnVsbA==",
          "dependencies": [
            "module.iam_github_oidc_role.aws_iam_role.this",
            "module.iam_github_oidc_role.data.aws_caller_identity.current",
            "module.iam_github_oidc_role.data.aws_iam_policy_document.this",
            "module.iam_github_oidc_role.data.aws_partition.current"
          ]
        }
      ]
    }
  ],
  "check_results": null
}
